// !$*UTF8*$!
{
	archiveVersion = 1;
	classes = {
	};
	objectVersion = 55;
	objects = {

/* Begin PBXBuildFile section */
		03FBC2782886F20C006D44F4 /* Tests_iOS.swift in Sources */ = {isa = PBXBuildFile; fileRef = 03FBC2772886F20C006D44F4 /* Tests_iOS.swift */; };
		03FBC27A2886F20C006D44F4 /* Tests_iOSLaunchTests.swift in Sources */ = {isa = PBXBuildFile; fileRef = 03FBC2792886F20C006D44F4 /* Tests_iOSLaunchTests.swift */; };
		03FBC2842886F20C006D44F4 /* Tests_macOS.swift in Sources */ = {isa = PBXBuildFile; fileRef = 03FBC2832886F20C006D44F4 /* Tests_macOS.swift */; };
		03FBC2862886F20C006D44F4 /* Tests_macOSLaunchTests.swift in Sources */ = {isa = PBXBuildFile; fileRef = 03FBC2852886F20C006D44F4 /* Tests_macOSLaunchTests.swift */; };
		03FBC2872886F20C006D44F4 /* calandarApp.swift in Sources */ = {isa = PBXBuildFile; fileRef = 03FBC25F2886F209006D44F4 /* calandarApp.swift */; };
		03FBC2882886F20C006D44F4 /* calandarApp.swift in Sources */ = {isa = PBXBuildFile; fileRef = 03FBC25F2886F209006D44F4 /* calandarApp.swift */; };
		03FBC2892886F20C006D44F4 /* ContentView.swift in Sources */ = {isa = PBXBuildFile; fileRef = 03FBC2602886F209006D44F4 /* ContentView.swift */; };
		03FBC28A2886F20C006D44F4 /* ContentView.swift in Sources */ = {isa = PBXBuildFile; fileRef = 03FBC2602886F209006D44F4 /* ContentView.swift */; };
		03FBC28B2886F20C006D44F4 /* Assets.xcassets in Resources */ = {isa = PBXBuildFile; fileRef = 03FBC2612886F20C006D44F4 /* Assets.xcassets */; };
		03FBC28C2886F20C006D44F4 /* Assets.xcassets in Resources */ = {isa = PBXBuildFile; fileRef = 03FBC2612886F20C006D44F4 /* Assets.xcassets */; };
/* End PBXBuildFile section */

/* Begin PBXContainerItemProxy section */
		03FBC2742886F20C006D44F4 /* PBXContainerItemProxy */ = {
			isa = PBXContainerItemProxy;
			containerPortal = 03FBC25A2886F209006D44F4 /* Project object */;
			proxyType = 1;
			remoteGlobalIDString = 03FBC2652886F20C006D44F4;
			remoteInfo = "calandar (iOS)";
		};
		03FBC2802886F20C006D44F4 /* PBXContainerItemProxy */ = {
			isa = PBXContainerItemProxy;
			containerPortal = 03FBC25A2886F209006D44F4 /* Project object */;
			proxyType = 1;
			remoteGlobalIDString = 03FBC26B2886F20C006D44F4;
			remoteInfo = "calandar (macOS)";
		};
/* End PBXContainerItemProxy section */

/* Begin PBXFileReference section */
		03FBC25F2886F209006D44F4 /* calandarApp.swift */ = {isa = PBXFileReference; lastKnownFileType = sourcecode.swift; path = calandarApp.swift; sourceTree = "<group>"; };
		03FBC2602886F209006D44F4 /* ContentView.swift */ = {isa = PBXFileReference; lastKnownFileType = sourcecode.swift; path = ContentView.swift; sourceTree = "<group>"; };
		03FBC2612886F20C006D44F4 /* Assets.xcassets */ = {isa = PBXFileReference; lastKnownFileType = folder.assetcatalog; path = Assets.xcassets; sourceTree = "<group>"; };
		03FBC2662886F20C006D44F4 /* calandar.app */ = {isa = PBXFileReference; explicitFileType = wrapper.application; includeInIndex = 0; path = calandar.app; sourceTree = BUILT_PRODUCTS_DIR; };
		03FBC26C2886F20C006D44F4 /* calandar.app */ = {isa = PBXFileReference; explicitFileType = wrapper.application; includeInIndex = 0; path = calandar.app; sourceTree = BUILT_PRODUCTS_DIR; };
		03FBC26E2886F20C006D44F4 /* macOS.entitlements */ = {isa = PBXFileReference; lastKnownFileType = text.plist.entitlements; path = macOS.entitlements; sourceTree = "<group>"; };
		03FBC2732886F20C006D44F4 /* Tests iOS.xctest */ = {isa = PBXFileReference; explicitFileType = wrapper.cfbundle; includeInIndex = 0; path = "Tests iOS.xctest"; sourceTree = BUILT_PRODUCTS_DIR; };
		03FBC2772886F20C006D44F4 /* Tests_iOS.swift */ = {isa = PBXFileReference; lastKnownFileType = sourcecode.swift; path = Tests_iOS.swift; sourceTree = "<group>"; };
		03FBC2792886F20C006D44F4 /* Tests_iOSLaunchTests.swift */ = {isa = PBXFileReference; lastKnownFileType = sourcecode.swift; path = Tests_iOSLaunchTests.swift; sourceTree = "<group>"; };
		03FBC27F2886F20C006D44F4 /* Tests macOS.xctest */ = {isa = PBXFileReference; explicitFileType = wrapper.cfbundle; includeInIndex = 0; path = "Tests macOS.xctest"; sourceTree = BUILT_PRODUCTS_DIR; };
		03FBC2832886F20C006D44F4 /* Tests_macOS.swift */ = {isa = PBXFileReference; lastKnownFileType = sourcecode.swift; path = Tests_macOS.swift; sourceTree = "<group>"; };
		03FBC2852886F20C006D44F4 /* Tests_macOSLaunchTests.swift */ = {isa = PBXFileReference; lastKnownFileType = sourcecode.swift; path = Tests_macOSLaunchTests.swift; sourceTree = "<group>"; };
/* End PBXFileReference section */

/* Begin PBXFrameworksBuildPhase section */
		03FBC2632886F20C006D44F4 /* Frameworks */ = {
			isa = PBXFrameworksBuildPhase;
			buildActionMask = 2147483647;
			files = (
			);
			runOnlyForDeploymentPostprocessing = 0;
		};
		03FBC2692886F20C006D44F4 /* Frameworks */ = {
			isa = PBXFrameworksBuildPhase;
			buildActionMask = 2147483647;
			files = (
			);
			runOnlyForDeploymentPostprocessing = 0;
		};
		03FBC2702886F20C006D44F4 /* Frameworks */ = {
			isa = PBXFrameworksBuildPhase;
			buildActionMask = 2147483647;
			files = (
			);
			runOnlyForDeploymentPostprocessing = 0;
		};
		03FBC27C2886F20C006D44F4 /* Frameworks */ = {
			isa = PBXFrameworksBuildPhase;
			buildActionMask = 2147483647;
			files = (
			);
			runOnlyForDeploymentPostprocessing = 0;
		};
/* End PBXFrameworksBuildPhase section */

/* Begin PBXGroup section */
		03FBC2592886F209006D44F4 = {
			isa = PBXGroup;
			children = (
				03FBC25E2886F209006D44F4 /* Shared */,
				03FBC26D2886F20C006D44F4 /* macOS */,
				03FBC2762886F20C006D44F4 /* Tests iOS */,
				03FBC2822886F20C006D44F4 /* Tests macOS */,
				03FBC2672886F20C006D44F4 /* Products */,
			);
			sourceTree = "<group>";
		};
		03FBC25E2886F209006D44F4 /* Shared */ = {
			isa = PBXGroup;
			children = (
				03FBC25F2886F209006D44F4 /* calandarApp.swift */,
				03FBC2602886F209006D44F4 /* ContentView.swift */,
				03FBC2612886F20C006D44F4 /* Assets.xcassets */,
			);
			path = Shared;
			sourceTree = "<group>";
		};
		03FBC2672886F20C006D44F4 /* Products */ = {
			isa = PBXGroup;
			children = (
				03FBC2662886F20C006D44F4 /* calandar.app */,
				03FBC26C2886F20C006D44F4 /* calandar.app */,
				03FBC2732886F20C006D44F4 /* Tests iOS.xctest */,
				03FBC27F2886F20C006D44F4 /* Tests macOS.xctest */,
			);
			name = Products;
			sourceTree = "<group>";
		};
		03FBC26D2886F20C006D44F4 /* macOS */ = {
			isa = PBXGroup;
			children = (
				03FBC26E2886F20C006D44F4 /* macOS.entitlements */,
			);
			path = macOS;
			sourceTree = "<group>";
		};
		03FBC2762886F20C006D44F4 /* Tests iOS */ = {
			isa = PBXGroup;
			children = (
				03FBC2772886F20C006D44F4 /* Tests_iOS.swift */,
				03FBC2792886F20C006D44F4 /* Tests_iOSLaunchTests.swift */,
			);
			path = "Tests iOS";
			sourceTree = "<group>";
		};
		03FBC2822886F20C006D44F4 /* Tests macOS */ = {
			isa = PBXGroup;
			children = (
				03FBC2832886F20C006D44F4 /* Tests_macOS.swift */,
				03FBC2852886F20C006D44F4 /* Tests_macOSLaunchTests.swift */,
			);
			path = "Tests macOS";
			sourceTree = "<group>";
		};
/* End PBXGroup section */

/* Begin PBXNativeTarget section */
		03FBC2652886F20C006D44F4 /* calandar (iOS) */ = {
			isa = PBXNativeTarget;
			buildConfigurationList = 03FBC28F2886F20C006D44F4 /* Build configuration list for PBXNativeTarget "calandar (iOS)" */;
			buildPhases = (
				03FBC2622886F20C006D44F4 /* Sources */,
				03FBC2632886F20C006D44F4 /* Frameworks */,
				03FBC2642886F20C006D44F4 /* Resources */,
			);
			buildRules = (
			);
			dependencies = (
			);
			name = "calandar (iOS)";
			productName = "calandar (iOS)";
			productReference = 03FBC2662886F20C006D44F4 /* calandar.app */;
			productType = "com.apple.product-type.application";
		};
		03FBC26B2886F20C006D44F4 /* calandar (macOS) */ = {
			isa = PBXNativeTarget;
			buildConfigurationList = 03FBC2922886F20C006D44F4 /* Build configuration list for PBXNativeTarget "calandar (macOS)" */;
			buildPhases = (
				03FBC2682886F20C006D44F4 /* Sources */,
				03FBC2692886F20C006D44F4 /* Frameworks */,
				03FBC26A2886F20C006D44F4 /* Resources */,
			);
			buildRules = (
			);
			dependencies = (
			);
			name = "calandar (macOS)";
			productName = "calandar (macOS)";
			productReference = 03FBC26C2886F20C006D44F4 /* calandar.app */;
			productType = "com.apple.product-type.application";
		};
		03FBC2722886F20C006D44F4 /* Tests iOS */ = {
			isa = PBXNativeTarget;
			buildConfigurationList = 03FBC2952886F20C006D44F4 /* Build configuration list for PBXNativeTarget "Tests iOS" */;
			buildPhases = (
				03FBC26F2886F20C006D44F4 /* Sources */,
				03FBC2702886F20C006D44F4 /* Frameworks */,
				03FBC2712886F20C006D44F4 /* Resources */,
			);
			buildRules = (
			);
			dependencies = (
				03FBC2752886F20C006D44F4 /* PBXTargetDependency */,
			);
			name = "Tests iOS";
			productName = "Tests iOS";
			productReference = 03FBC2732886F20C006D44F4 /* Tests iOS.xctest */;
			productType = "com.apple.product-type.bundle.ui-testing";
		};
		03FBC27E2886F20C006D44F4 /* Tests macOS */ = {
			isa = PBXNativeTarget;
			buildConfigurationList = 03FBC2982886F20C006D44F4 /* Build configuration list for PBXNativeTarget "Tests macOS" */;
			buildPhases = (
				03FBC27B2886F20C006D44F4 /* Sources */,
				03FBC27C2886F20C006D44F4 /* Frameworks */,
				03FBC27D2886F20C006D44F4 /* Resources */,
			);
			buildRules = (
			);
			dependencies = (
				03FBC2812886F20C006D44F4 /* PBXTargetDependency */,
			);
			name = "Tests macOS";
			productName = "Tests macOS";
			productReference = 03FBC27F2886F20C006D44F4 /* Tests macOS.xctest */;
			productType = "com.apple.product-type.bundle.ui-testing";
		};
/* End PBXNativeTarget section */

/* Begin PBXProject section */
		03FBC25A2886F209006D44F4 /* Project object */ = {
			isa = PBXProject;
			attributes = {
				BuildIndependentTargetsInParallel = 1;
				LastSwiftUpdateCheck = 1340;
				LastUpgradeCheck = 1340;
				TargetAttributes = {
					03FBC2652886F20C006D44F4 = {
						CreatedOnToolsVersion = 13.4.1;
					};
					03FBC26B2886F20C006D44F4 = {
						CreatedOnToolsVersion = 13.4.1;
					};
					03FBC2722886F20C006D44F4 = {
						CreatedOnToolsVersion = 13.4.1;
						TestTargetID = 03FBC2652886F20C006D44F4;
					};
					03FBC27E2886F20C006D44F4 = {
						CreatedOnToolsVersion = 13.4.1;
						TestTargetID = 03FBC26B2886F20C006D44F4;
					};
				};
			};
			buildConfigurationList = 03FBC25D2886F209006D44F4 /* Build configuration list for PBXProject "calandar" */;
			compatibilityVersion = "Xcode 13.0";
			developmentRegion = en;
			hasScannedForEncodings = 0;
			knownRegions = (
				en,
				Base,
			);
			mainGroup = 03FBC2592886F209006D44F4;
			productRefGroup = 03FBC2672886F20C006D44F4 /* Products */;
			projectDirPath = "";
			projectRoot = "";
			targets = (
				03FBC2652886F20C006D44F4 /* calandar (iOS) */,
				03FBC26B2886F20C006D44F4 /* calandar (macOS) */,
				03FBC2722886F20C006D44F4 /* Tests iOS */,
				03FBC27E2886F20C006D44F4 /* Tests macOS */,
			);
		};
/* End PBXProject section */

/* Begin PBXResourcesBuildPhase section */
		03FBC2642886F20C006D44F4 /* Resources */ = {
			isa = PBXResourcesBuildPhase;
			buildActionMask = 2147483647;
			files = (
				03FBC28B2886F20C006D44F4 /* Assets.xcassets in Resources */,
			);
			runOnlyForDeploymentPostprocessing = 0;
		};
		03FBC26A2886F20C006D44F4 /* Resources */ = {
			isa = PBXResourcesBuildPhase;
			buildActionMask = 2147483647;
			files = (
				03FBC28C2886F20C006D44F4 /* Assets.xcassets in Resources */,
			);
			runOnlyForDeploymentPostprocessing = 0;
		};
		03FBC2712886F20C006D44F4 /* Resources */ = {
			isa = PBXResourcesBuildPhase;
			buildActionMask = 2147483647;
			files = (
			);
			runOnlyForDeploymentPostprocessing = 0;
		};
		03FBC27D2886F20C006D44F4 /* Resources */ = {
			isa = PBXResourcesBuildPhase;
			buildActionMask = 2147483647;
			files = (
			);
			runOnlyForDeploymentPostprocessing = 0;
		};
/* End PBXResourcesBuildPhase section */

/* Begin PBXSourcesBuildPhase section */
		03FBC2622886F20C006D44F4 /* Sources */ = {
			isa = PBXSourcesBuildPhase;
			buildActionMask = 2147483647;
			files = (
				03FBC2892886F20C006D44F4 /* ContentView.swift in Sources */,
				03FBC2872886F20C006D44F4 /* calandarApp.swift in Sources */,
			);
			runOnlyForDeploymentPostprocessing = 0;
		};
		03FBC2682886F20C006D44F4 /* Sources */ = {
			isa = PBXSourcesBuildPhase;
			buildActionMask = 2147483647;
			files = (
				03FBC28A2886F20C006D44F4 /* ContentView.swift in Sources */,
				03FBC2882886F20C006D44F4 /* calandarApp.swift in Sources */,
			);
			runOnlyForDeploymentPostprocessing = 0;
		};
		03FBC26F2886F20C006D44F4 /* Sources */ = {
			isa = PBXSourcesBuildPhase;
			buildActionMask = 2147483647;
			files = (
				03FBC27A2886F20C006D44F4 /* Tests_iOSLaunchTests.swift in Sources */,
				03FBC2782886F20C006D44F4 /* Tests_iOS.swift in Sources */,
			);
			runOnlyForDeploymentPostprocessing = 0;
		};
		03FBC27B2886F20C006D44F4 /* Sources */ = {
			isa = PBXSourcesBuildPhase;
			buildActionMask = 2147483647;
			files = (
				03FBC2862886F20C006D44F4 /* Tests_macOSLaunchTests.swift in Sources */,
				03FBC2842886F20C006D44F4 /* Tests_macOS.swift in Sources */,
			);
			runOnlyForDeploymentPostprocessing = 0;
		};
/* End PBXSourcesBuildPhase section */

/* Begin PBXTargetDependency section */
		03FBC2752886F20C006D44F4 /* PBXTargetDependency */ = {
			isa = PBXTargetDependency;
			target = 03FBC2652886F20C006D44F4 /* calandar (iOS) */;
			targetProxy = 03FBC2742886F20C006D44F4 /* PBXContainerItemProxy */;
		};
		03FBC2812886F20C006D44F4 /* PBXTargetDependency */ = {
			isa = PBXTargetDependency;
			target = 03FBC26B2886F20C006D44F4 /* calandar (macOS) */;
			targetProxy = 03FBC2802886F20C006D44F4 /* PBXContainerItemProxy */;
		};
/* End PBXTargetDependency section */

/* Begin XCBuildConfiguration section */
		03FBC28D2886F20C006D44F4 /* Debug */ = {
			isa = XCBuildConfiguration;
			buildSettings = {
				ALWAYS_SEARCH_USER_PATHS = NO;
				CLANG_ANALYZER_NONNULL = YES;
				CLANG_ANALYZER_NUMBER_OBJECT_CONVERSION = YES_AGGRESSIVE;
				CLANG_CXX_LANGUAGE_STANDARD = "gnu++17";
				CLANG_ENABLE_MODULES = YES;
				CLANG_ENABLE_OBJC_ARC = YES;
				CLANG_ENABLE_OBJC_WEAK = YES;
				CLANG_WARN_BLOCK_CAPTURE_AUTORELEASING = YES;
				CLANG_WARN_BOOL_CONVERSION = YES;
				CLANG_WARN_COMMA = YES;
				CLANG_WARN_CONSTANT_CONVERSION = YES;
				CLANG_WARN_DEPRECATED_OBJC_IMPLEMENTATIONS = YES;
				CLANG_WARN_DIRECT_OBJC_ISA_USAGE = YES_ERROR;
				CLANG_WARN_DOCUMENTATION_COMMENTS = YES;
				CLANG_WARN_EMPTY_BODY = YES;
				CLANG_WARN_ENUM_CONVERSION = YES;
				CLANG_WARN_INFINITE_RECURSION = YES;
				CLANG_WARN_INT_CONVERSION = YES;
				CLANG_WARN_NON_LITERAL_NULL_CONVERSION = YES;
				CLANG_WARN_OBJC_IMPLICIT_RETAIN_SELF = YES;
				CLANG_WARN_OBJC_LITERAL_CONVERSION = YES;
				CLANG_WARN_OBJC_ROOT_CLASS = YES_ERROR;
				CLANG_WARN_QUOTED_INCLUDE_IN_FRAMEWORK_HEADER = YES;
				CLANG_WARN_RANGE_LOOP_ANALYSIS = YES;
				CLANG_WARN_STRICT_PROTOTYPES = YES;
				CLANG_WARN_SUSPICIOUS_MOVE = YES;
				CLANG_WARN_UNGUARDED_AVAILABILITY = YES_AGGRESSIVE;
				CLANG_WARN_UNREACHABLE_CODE = YES;
				CLANG_WARN__DUPLICATE_METHOD_MATCH = YES;
				COPY_PHASE_STRIP = NO;
				DEBUG_INFORMATION_FORMAT = dwarf;
				ENABLE_STRICT_OBJC_MSGSEND = YES;
				ENABLE_TESTABILITY = YES;
				GCC_C_LANGUAGE_STANDARD = gnu11;
				GCC_DYNAMIC_NO_PIC = NO;
				GCC_NO_COMMON_BLOCKS = YES;
				GCC_OPTIMIZATION_LEVEL = 0;
				GCC_PREPROCESSOR_DEFINITIONS = (
					"DEBUG=1",
					"$(inherited)",
				);
				GCC_WARN_64_TO_32_BIT_CONVERSION = YES;
				GCC_WARN_ABOUT_RETURN_TYPE = YES_ERROR;
				GCC_WARN_UNDECLARED_SELECTOR = YES;
				GCC_WARN_UNINITIALIZED_AUTOS = YES_AGGRESSIVE;
				GCC_WARN_UNUSED_FUNCTION = YES;
				GCC_WARN_UNUSED_VARIABLE = YES;
				MTL_ENABLE_DEBUG_INFO = INCLUDE_SOURCE;
				MTL_FAST_MATH = YES;
				ONLY_ACTIVE_ARCH = YES;
				SWIFT_ACTIVE_COMPILATION_CONDITIONS = DEBUG;
				SWIFT_OPTIMIZATION_LEVEL = "-Onone";
			};
			name = Debug;
		};
		03FBC28E2886F20C006D44F4 /* Release */ = {
			isa = XCBuildConfiguration;
			buildSettings = {
				ALWAYS_SEARCH_USER_PATHS = NO;
				CLANG_ANALYZER_NONNULL = YES;
				CLANG_ANALYZER_NUMBER_OBJECT_CONVERSION = YES_AGGRESSIVE;
				CLANG_CXX_LANGUAGE_STANDARD = "gnu++17";
				CLANG_ENABLE_MODULES = YES;
				CLANG_ENABLE_OBJC_ARC = YES;
				CLANG_ENABLE_OBJC_WEAK = YES;
				CLANG_WARN_BLOCK_CAPTURE_AUTORELEASING = YES;
				CLANG_WARN_BOOL_CONVERSION = YES;
				CLANG_WARN_COMMA = YES;
				CLANG_WARN_CONSTANT_CONVERSION = YES;
				CLANG_WARN_DEPRECATED_OBJC_IMPLEMENTATIONS = YES;
				CLANG_WARN_DIRECT_OBJC_ISA_USAGE = YES_ERROR;
				CLANG_WARN_DOCUMENTATION_COMMENTS = YES;
				CLANG_WARN_EMPTY_BODY = YES;
				CLANG_WARN_ENUM_CONVERSION = YES;
				CLANG_WARN_INFINITE_RECURSION = YES;
				CLANG_WARN_INT_CONVERSION = YES;
				CLANG_WARN_NON_LITERAL_NULL_CONVERSION = YES;
				CLANG_WARN_OBJC_IMPLICIT_RETAIN_SELF = YES;
				CLANG_WARN_OBJC_LITERAL_CONVERSION = YES;
				CLANG_WARN_OBJC_ROOT_CLASS = YES_ERROR;
				CLANG_WARN_QUOTED_INCLUDE_IN_FRAMEWORK_HEADER = YES;
				CLANG_WARN_RANGE_LOOP_ANALYSIS = YES;
				CLANG_WARN_STRICT_PROTOTYPES = YES;
				CLANG_WARN_SUSPICIOUS_MOVE = YES;
				CLANG_WARN_UNGUARDED_AVAILABILITY = YES_AGGRESSIVE;
				CLANG_WARN_UNREACHABLE_CODE = YES;
				CLANG_WARN__DUPLICATE_METHOD_MATCH = YES;
				COPY_PHASE_STRIP = NO;
				DEBUG_INFORMATION_FORMAT = "dwarf-with-dsym";
				ENABLE_NS_ASSERTIONS = NO;
				ENABLE_STRICT_OBJC_MSGSEND = YES;
				GCC_C_LANGUAGE_STANDARD = gnu11;
				GCC_NO_COMMON_BLOCKS = YES;
				GCC_WARN_64_TO_32_BIT_CONVERSION = YES;
				GCC_WARN_ABOUT_RETURN_TYPE = YES_ERROR;
				GCC_WARN_UNDECLARED_SELECTOR = YES;
				GCC_WARN_UNINITIALIZED_AUTOS = YES_AGGRESSIVE;
				GCC_WARN_UNUSED_FUNCTION = YES;
				GCC_WARN_UNUSED_VARIABLE = YES;
				MTL_ENABLE_DEBUG_INFO = NO;
				MTL_FAST_MATH = YES;
				SWIFT_COMPILATION_MODE = wholemodule;
				SWIFT_OPTIMIZATION_LEVEL = "-O";
			};
			name = Release;
		};
		03FBC2902886F20C006D44F4 /* Debug */ = {
			isa = XCBuildConfiguration;
			buildSettings = {
				ASSETCATALOG_COMPILER_APPICON_NAME = AppIcon;
				ASSETCATALOG_COMPILER_GLOBAL_ACCENT_COLOR_NAME = AccentColor;
				CODE_SIGN_STYLE = Automatic;
				CURRENT_PROJECT_VERSION = 1;
				ENABLE_PREVIEWS = YES;
				GENERATE_INFOPLIST_FILE = YES;
				INFOPLIST_KEY_UIApplicationSceneManifest_Generation = YES;
				INFOPLIST_KEY_UIApplicationSupportsIndirectInputEvents = YES;
				INFOPLIST_KEY_UILaunchScreen_Generation = YES;
				INFOPLIST_KEY_UISupportedInterfaceOrientations_iPad = "UIInterfaceOrientationPortrait UIInterfaceOrientationPortraitUpsideDown UIInterfaceOrientationLandscapeLeft UIInterfaceOrientationLandscapeRight";
				INFOPLIST_KEY_UISupportedInterfaceOrientations_iPhone = "UIInterfaceOrientationPortrait UIInterfaceOrientationLandscapeLeft UIInterfaceOrientationLandscapeRight";
				IPHONEOS_DEPLOYMENT_TARGET = 15.5;
				LD_RUNPATH_SEARCH_PATHS = (
					"$(inherited)",
					"@executable_path/Frameworks",
				);
				MARKETING_VERSION = 1.0;
				PRODUCT_BUNDLE_IDENTIFIER = sortlikeabro.calandar;
				PRODUCT_NAME = calandar;
				SDKROOT = iphoneos;
				SWIFT_EMIT_LOC_STRINGS = YES;
				SWIFT_VERSION = 5.0;
				TARGETED_DEVICE_FAMILY = "1,2";
			};
			name = Debug;
		};
		03FBC2912886F20C006D44F4 /* Release */ = {
			isa = XCBuildConfiguration;
			buildSettings = {
				ASSETCATALOG_COMPILER_APPICON_NAME = AppIcon;
				ASSETCATALOG_COMPILER_GLOBAL_ACCENT_COLOR_NAME = AccentColor;
				CODE_SIGN_STYLE = Automatic;
				CURRENT_PROJECT_VERSION = 1;
				ENABLE_PREVIEWS = YES;
				GENERATE_INFOPLIST_FILE = YES;
				INFOPLIST_KEY_UIApplicationSceneManifest_Generation = YES;
				INFOPLIST_KEY_UIApplicationSupportsIndirectInputEvents = YES;
				INFOPLIST_KEY_UILaunchScreen_Generation = YES;
				INFOPLIST_KEY_UISupportedInterfaceOrientations_iPad = "UIInterfaceOrientationPortrait UIInterfaceOrientationPortraitUpsideDown UIInterfaceOrientationLandscapeLeft UIInterfaceOrientationLandscapeRight";
				INFOPLIST_KEY_UISupportedInterfaceOrientations_iPhone = "UIInterfaceOrientationPortrait UIInterfaceOrientationLandscapeLeft UIInterfaceOrientationLandscapeRight";
				IPHONEOS_DEPLOYMENT_TARGET = 15.5;
				LD_RUNPATH_SEARCH_PATHS = (
					"$(inherited)",
					"@executable_path/Frameworks",
				);
				MARKETING_VERSION = 1.0;
				PRODUCT_BUNDLE_IDENTIFIER = sortlikeabro.calandar;
				PRODUCT_NAME = calandar;
				SDKROOT = iphoneos;
				SWIFT_EMIT_LOC_STRINGS = YES;
				SWIFT_VERSION = 5.0;
				TARGETED_DEVICE_FAMILY = "1,2";
				VALIDATE_PRODUCT = YES;
			};
			name = Release;
		};
		03FBC2932886F20C006D44F4 /* Debug */ = {
			isa = XCBuildConfiguration;
			buildSettings = {
				ASSETCATALOG_COMPILER_APPICON_NAME = AppIcon;
				ASSETCATALOG_COMPILER_GLOBAL_ACCENT_COLOR_NAME = AccentColor;
				CODE_SIGN_ENTITLEMENTS = macOS/macOS.entitlements;
				CODE_SIGN_STYLE = Automatic;
				COMBINE_HIDPI_IMAGES = YES;
				CURRENT_PROJECT_VERSION = 1;
				ENABLE_PREVIEWS = YES;
				GENERATE_INFOPLIST_FILE = YES;
				INFOPLIST_KEY_NSHumanReadableCopyright = "";
				LD_RUNPATH_SEARCH_PATHS = (
					"$(inherited)",
					"@executable_path/../Frameworks",
				);
				MACOSX_DEPLOYMENT_TARGET = 12.3;
				MARKETING_VERSION = 1.0;
				PRODUCT_BUNDLE_IDENTIFIER = sortlikeabro.calandar;
				PRODUCT_NAME = calandar;
				SDKROOT = macosx;
				SWIFT_EMIT_LOC_STRINGS = YES;
				SWIFT_VERSION = 5.0;
			};
			name = Debug;
		};
		03FBC2942886F20C006D44F4 /* Release */ = {
			isa = XCBuildConfiguration;
			buildSettings = {
				ASSETCATALOG_COMPILER_APPICON_NAME = AppIcon;
				ASSETCATALOG_COMPILER_GLOBAL_ACCENT_COLOR_NAME = AccentColor;
				CODE_SIGN_ENTITLEMENTS = macOS/macOS.entitlements;
				CODE_SIGN_STYLE = Automatic;
				COMBINE_HIDPI_IMAGES = YES;
				CURRENT_PROJECT_VERSION = 1;
				ENABLE_PREVIEWS = YES;
				GENERATE_INFOPLIST_FILE = YES;
				INFOPLIST_KEY_NSHumanReadableCopyright = "";
				LD_RUNPATH_SEARCH_PATHS = (
					"$(inherited)",
					"@executable_path/../Frameworks",
				);
				MACOSX_DEPLOYMENT_TARGET = 12.3;
				MARKETING_VERSION = 1.0;
				PRODUCT_BUNDLE_IDENTIFIER = sortlikeabro.calandar;
				PRODUCT_NAME = calandar;
				SDKROOT = macosx;
				SWIFT_EMIT_LOC_STRINGS = YES;
				SWIFT_VERSION = 5.0;
			};
			name = Release;
		};
		03FBC2962886F20C006D44F4 /* Debug */ = {
			isa = XCBuildConfiguration;
			buildSettings = {
				ALWAYS_EMBED_SWIFT_STANDARD_LIBRARIES = YES;
				CODE_SIGN_STYLE = Automatic;
				CURRENT_PROJECT_VERSION = 1;
				GENERATE_INFOPLIST_FILE = YES;
				IPHONEOS_DEPLOYMENT_TARGET = 15.5;
				MARKETING_VERSION = 1.0;
				PRODUCT_BUNDLE_IDENTIFIER = "sortlikeabro.Tests-iOS";
				PRODUCT_NAME = "$(TARGET_NAME)";
				SDKROOT = iphoneos;
				SWIFT_EMIT_LOC_STRINGS = NO;
				SWIFT_VERSION = 5.0;
				TARGETED_DEVICE_FAMILY = "1,2";
				TEST_TARGET_NAME = "calandar (iOS)";
			};
			name = Debug;
		};
		03FBC2972886F20C006D44F4 /* Release */ = {
			isa = XCBuildConfiguration;
			buildSettings = {
				ALWAYS_EMBED_SWIFT_STANDARD_LIBRARIES = YES;
				CODE_SIGN_STYLE = Automatic;
				CURRENT_PROJECT_VERSION = 1;
				GENERATE_INFOPLIST_FILE = YES;
				IPHONEOS_DEPLOYMENT_TARGET = 15.5;
				MARKETING_VERSION = 1.0;
				PRODUCT_BUNDLE_IDENTIFIER = "sortlikeabro.Tests-iOS";
				PRODUCT_NAME = "$(TARGET_NAME)";
				SDKROOT = iphoneos;
				SWIFT_EMIT_LOC_STRINGS = NO;
				SWIFT_VERSION = 5.0;
				TARGETED_DEVICE_FAMILY = "1,2";
				TEST_TARGET_NAME = "calandar (iOS)";
				VALIDATE_PRODUCT = YES;
			};
			name = Release;
		};
		03FBC2992886F20C006D44F4 /* Debug */ = {
			isa = XCBuildConfiguration;
			buildSettings = {
				ALWAYS_EMBED_SWIFT_STANDARD_LIBRARIES = YES;
				CODE_SIGN_STYLE = Automatic;
				CURRENT_PROJECT_VERSION = 1;
				GENERATE_INFOPLIST_FILE = YES;
				MACOSX_DEPLOYMENT_TARGET = 12.3;
				MARKETING_VERSION = 1.0;
				PRODUCT_BUNDLE_IDENTIFIER = "sortlikeabro.Tests-macOS";
				PRODUCT_NAME = "$(TARGET_NAME)";
				SDKROOT = macosx;
				SWIFT_EMIT_LOC_STRINGS = NO;
				SWIFT_VERSION = 5.0;
				TEST_TARGET_NAME = "calandar (macOS)";
			};
			name = Debug;
		};
		03FBC29A2886F20C006D44F4 /* Release */ = {
			isa = XCBuildConfiguration;
			buildSettings = {
				ALWAYS_EMBED_SWIFT_STANDARD_LIBRARIES = YES;
				CODE_SIGN_STYLE = Automatic;
				CURRENT_PROJECT_VERSION = 1;
				GENERATE_INFOPLIST_FILE = YES;
				MACOSX_DEPLOYMENT_TARGET = 12.3;
				MARKETING_VERSION = 1.0;
				PRODUCT_BUNDLE_IDENTIFIER = "sortlikeabro.Tests-macOS";
				PRODUCT_NAME = "$(TARGET_NAME)";
				SDKROOT = macosx;
				SWIFT_EMIT_LOC_STRINGS = NO;
				SWIFT_VERSION = 5.0;
				TEST_TARGET_NAME = "calandar (macOS)";
			};
			name = Release;
		};
/* End XCBuildConfiguration section */

/* Begin XCConfigurationList section */
		03FBC25D2886F209006D44F4 /* Build configuration list for PBXProject "calandar" */ = {
			isa = XCConfigurationList;
			buildConfigurations = (
				03FBC28D2886F20C006D44F4 /* Debug */,
				03FBC28E2886F20C006D44F4 /* Release */,
			);
			defaultConfigurationIsVisible = 0;
			defaultConfigurationName = Release;
		};
		03FBC28F2886F20C006D44F4 /* Build configuration list for PBXNativeTarget "calandar (iOS)" */ = {
			isa = XCConfigurationList;
			buildConfigurations = (
				03FBC2902886F20C006D44F4 /* Debug */,
				03FBC2912886F20C006D44F4 /* Release */,
			);
			defaultConfigurationIsVisible = 0;
			defaultConfigurationName = Release;
		};
		03FBC2922886F20C006D44F4 /* Build configuration list for PBXNativeTarget "calandar (macOS)" */ = {
			isa = XCConfigurationList;
			buildConfigurations = (
				03FBC2932886F20C006D44F4 /* Debug */,
				03FBC2942886F20C006D44F4 /* Release */,
			);
			defaultConfigurationIsVisible = 0;
			defaultConfigurationName = Release;
		};
		03FBC2952886F20C006D44F4 /* Build configuration list for PBXNativeTarget "Tests iOS" */ = {
			isa = XCConfigurationList;
			buildConfigurations = (
				03FBC2962886F20C006D44F4 /* Debug */,
				03FBC2972886F20C006D44F4 /* Release */,
			);
			defaultConfigurationIsVisible = 0;
			defaultConfigurationName = Release;
		};
		03FBC2982886F20C006D44F4 /* Build configuration list for PBXNativeTarget "Tests macOS" */ = {
			isa = XCConfigurationList;
			buildConfigurations = (
				03FBC2992886F20C006D44F4 /* Debug */,
				03FBC29A2886F20C006D44F4 /* Release */,
			);
			defaultConfigurationIsVisible = 0;
			defaultConfigurationName = Release;
		};
/* End XCConfigurationList section */
	};
	rootObject = 03FBC25A2886F209006D44F4 /* Project object */;
}
